// !$*UTF8*$!
{
	archiveVersion = 1;
	classes = {
	};
	objectVersion = 55;
	objects = {

/* Begin PBXBuildFile section */
		958FE963273BC72100D4369A /* AppDelegate.swift in Sources */ = {isa = PBXBuildFile; fileRef = 958FE962273BC72100D4369A /* AppDelegate.swift */; };
		958FE965273BC72100D4369A /* SceneDelegate.swift in Sources */ = {isa = PBXBuildFile; fileRef = 958FE964273BC72100D4369A /* SceneDelegate.swift */; };
		958FE967273BC72100D4369A /* ViewController.swift in Sources */ = {isa = PBXBuildFile; fileRef = 958FE966273BC72100D4369A /* ViewController.swift */; };
		958FE96A273BC72100D4369A /* Main.storyboard in Resources */ = {isa = PBXBuildFile; fileRef = 958FE968273BC72100D4369A /* Main.storyboard */; };
		958FE96C273BC72300D4369A /* Assets.xcassets in Resources */ = {isa = PBXBuildFile; fileRef = 958FE96B273BC72300D4369A /* Assets.xcassets */; };
		958FE96F273BC72300D4369A /* LaunchScreen.storyboard in Resources */ = {isa = PBXBuildFile; fileRef = 958FE96D273BC72300D4369A /* LaunchScreen.storyboard */; };
		958FE97A273BC72300D4369A /* jawaherAbuLahsahTests.swift in Sources */ = {isa = PBXBuildFile; fileRef = 958FE979273BC72300D4369A /* jawaherAbuLahsahTests.swift */; };
		958FE984273BC72300D4369A /* jawaherAbuLahsahUITests.swift in Sources */ = {isa = PBXBuildFile; fileRef = 958FE983273BC72300D4369A /* jawaherAbuLahsahUITests.swift */; };
		958FE986273BC72300D4369A /* jawaherAbuLahsahUITestsLaunchTests.swift in Sources */ = {isa = PBXBuildFile; fileRef = 958FE985273BC72300D4369A /* jawaherAbuLahsahUITestsLaunchTests.swift */; };
/* End PBXBuildFile section */

/* Begin PBXContainerItemProxy section */
		958FE976273BC72300D4369A /* PBXContainerItemProxy */ = {
			isa = PBXContainerItemProxy;
			containerPortal = 958FE957273BC72100D4369A /* Project object */;
			proxyType = 1;
			remoteGlobalIDString = 958FE95E273BC72100D4369A;
			remoteInfo = jawaherAbuLahsah;
		};
		958FE980273BC72300D4369A /* PBXContainerItemProxy */ = {
			isa = PBXContainerItemProxy;
			containerPortal = 958FE957273BC72100D4369A /* Project object */;
			proxyType = 1;
			remoteGlobalIDString = 958FE95E273BC72100D4369A;
			remoteInfo = jawaherAbuLahsah;
		};
/* End PBXContainerItemProxy section */

/* Begin PBXFileReference section */
		958FE95F273BC72100D4369A /* jawaherAbuLahsah.app */ = {isa = PBXFileReference; explicitFileType = wrapper.application; includeInIndex = 0; path = jawaherAbuLahsah.app; sourceTree = BUILT_PRODUCTS_DIR; };
		958FE962273BC72100D4369A /* AppDelegate.swift */ = {isa = PBXFileReference; lastKnownFileType = sourcecode.swift; path = AppDelegate.swift; sourceTree = "<group>"; };
		958FE964273BC72100D4369A /* SceneDelegate.swift */ = {isa = PBXFileReference; lastKnownFileType = sourcecode.swift; path = SceneDelegate.swift; sourceTree = "<group>"; };
		958FE966273BC72100D4369A /* ViewController.swift */ = {isa = PBXFileReference; lastKnownFileType = sourcecode.swift; path = ViewController.swift; sourceTree = "<group>"; };
		958FE969273BC72100D4369A /* Base */ = {isa = PBXFileReference; lastKnownFileType = file.storyboard; name = Base; path = Base.lproj/Main.storyboard; sourceTree = "<group>"; };
		958FE96B273BC72300D4369A /* Assets.xcassets */ = {isa = PBXFileReference; lastKnownFileType = folder.assetcatalog; path = Assets.xcassets; sourceTree = "<group>"; };
		958FE96E273BC72300D4369A /* Base */ = {isa = PBXFileReference; lastKnownFileType = file.storyboard; name = Base; path = Base.lproj/LaunchScreen.storyboard; sourceTree = "<group>"; };
		958FE970273BC72300D4369A /* Info.plist */ = {isa = PBXFileReference; lastKnownFileType = text.plist.xml; path = Info.plist; sourceTree = "<group>"; };
		958FE975273BC72300D4369A /* jawaherAbuLahsahTests.xctest */ = {isa = PBXFileReference; explicitFileType = wrapper.cfbundle; includeInIndex = 0; path = jawaherAbuLahsahTests.xctest; sourceTree = BUILT_PRODUCTS_DIR; };
		958FE979273BC72300D4369A /* jawaherAbuLahsahTests.swift */ = {isa = PBXFileReference; lastKnownFileType = sourcecode.swift; path = jawaherAbuLahsahTests.swift; sourceTree = "<group>"; };
		958FE97F273BC72300D4369A /* jawaherAbuLahsahUITests.xctest */ = {isa = PBXFileReference; explicitFileType = wrapper.cfbundle; includeInIndex = 0; path = jawaherAbuLahsahUITests.xctest; sourceTree = BUILT_PRODUCTS_DIR; };
		958FE983273BC72300D4369A /* jawaherAbuLahsahUITests.swift */ = {isa = PBXFileReference; lastKnownFileType = sourcecode.swift; path = jawaherAbuLahsahUITests.swift; sourceTree = "<group>"; };
		958FE985273BC72300D4369A /* jawaherAbuLahsahUITestsLaunchTests.swift */ = {isa = PBXFileReference; lastKnownFileType = sourcecode.swift; path = jawaherAbuLahsahUITestsLaunchTests.swift; sourceTree = "<group>"; };
/* End PBXFileReference section */

/* Begin PBXFrameworksBuildPhase section */
		958FE95C273BC72100D4369A /* Frameworks */ = {
			isa = PBXFrameworksBuildPhase;
			buildActionMask = 2147483647;
			files = (
			);
			runOnlyForDeploymentPostprocessing = 0;
		};
		958FE972273BC72300D4369A /* Frameworks */ = {
			isa = PBXFrameworksBuildPhase;
			buildActionMask = 2147483647;
			files = (
			);
			runOnlyForDeploymentPostprocessing = 0;
		};
		958FE97C273BC72300D4369A /* Frameworks */ = {
			isa = PBXFrameworksBuildPhase;
			buildActionMask = 2147483647;
			files = (
			);
			runOnlyForDeploymentPostprocessing = 0;
		};
/* End PBXFrameworksBuildPhase section */

/* Begin PBXGroup section */
		958FE956273BC72100D4369A = {
			isa = PBXGroup;
			children = (
				958FE961273BC72100D4369A /* jawaherAbuLahsah */,
				958FE978273BC72300D4369A /* jawaherAbuLahsahTests */,
				958FE982273BC72300D4369A /* jawaherAbuLahsahUITests */,
				958FE960273BC72100D4369A /* Products */,
			);
			sourceTree = "<group>";
		};
		958FE960273BC72100D4369A /* Products */ = {
			isa = PBXGroup;
			children = (
				958FE95F273BC72100D4369A /* jawaherAbuLahsah.app */,
				958FE975273BC72300D4369A /* jawaherAbuLahsahTests.xctest */,
				958FE97F273BC72300D4369A /* jawaherAbuLahsahUITests.xctest */,
			);
			name = Products;
			sourceTree = "<group>";
		};
		958FE961273BC72100D4369A /* jawaherAbuLahsah */ = {
			isa = PBXGroup;
			children = (
				958FE962273BC72100D4369A /* AppDelegate.swift */,
				958FE964273BC72100D4369A /* SceneDelegate.swift */,
				958FE966273BC72100D4369A /* ViewController.swift */,
				958FE968273BC72100D4369A /* Main.storyboard */,
				958FE96B273BC72300D4369A /* Assets.xcassets */,
				958FE96D273BC72300D4369A /* LaunchScreen.storyboard */,
				958FE970273BC72300D4369A /* Info.plist */,
			);
			path = jawaherAbuLahsah;
			sourceTree = "<group>";
		};
		958FE978273BC72300D4369A /* jawaherAbuLahsahTests */ = {
			isa = PBXGroup;
			children = (
				958FE979273BC72300D4369A /* jawaherAbuLahsahTests.swift */,
			);
			path = jawaherAbuLahsahTests;
			sourceTree = "<group>";
		};
		958FE982273BC72300D4369A /* jawaherAbuLahsahUITests */ = {
			isa = PBXGroup;
			children = (
				958FE983273BC72300D4369A /* jawaherAbuLahsahUITests.swift */,
				958FE985273BC72300D4369A /* jawaherAbuLahsahUITestsLaunchTests.swift */,
			);
			path = jawaherAbuLahsahUITests;
			sourceTree = "<group>";
		};
/* End PBXGroup section */

/* Begin PBXNativeTarget section */
		958FE95E273BC72100D4369A /* jawaherAbuLahsah */ = {
			isa = PBXNativeTarget;
			buildConfigurationList = 958FE989273BC72300D4369A /* Build configuration list for PBXNativeTarget "jawaherAbuLahsah" */;
			buildPhases = (
				958FE95B273BC72100D4369A /* Sources */,
				958FE95C273BC72100D4369A /* Frameworks */,
				958FE95D273BC72100D4369A /* Resources */,
			);
			buildRules = (
			);
			dependencies = (
			);
			name = jawaherAbuLahsah;
			productName = jawaherAbuLahsah;
			productReference = 958FE95F273BC72100D4369A /* jawaherAbuLahsah.app */;
			productType = "com.apple.product-type.application";
		};
		958FE974273BC72300D4369A /* jawaherAbuLahsahTests */ = {
			isa = PBXNativeTarget;
			buildConfigurationList = 958FE98C273BC72300D4369A /* Build configuration list for PBXNativeTarget "jawaherAbuLahsahTests" */;
			buildPhases = (
				958FE971273BC72300D4369A /* Sources */,
				958FE972273BC72300D4369A /* Frameworks */,
				958FE973273BC72300D4369A /* Resources */,
			);
			buildRules = (
			);
			dependencies = (
				958FE977273BC72300D4369A /* PBXTargetDependency */,
			);
			name = jawaherAbuLahsahTests;
			productName = jawaherAbuLahsahTests;
			productReference = 958FE975273BC72300D4369A /* jawaherAbuLahsahTests.xctest */;
			productType = "com.apple.product-type.bundle.unit-test";
		};
		958FE97E273BC72300D4369A /* jawaherAbuLahsahUITests */ = {
			isa = PBXNativeTarget;
			buildConfigurationList = 958FE98F273BC72300D4369A /* Build configuration list for PBXNativeTarget "jawaherAbuLahsahUITests" */;
			buildPhases = (
				958FE97B273BC72300D4369A /* Sources */,
				958FE97C273BC72300D4369A /* Frameworks */,
				958FE97D273BC72300D4369A /* Resources */,
			);
			buildRules = (
			);
			dependencies = (
				958FE981273BC72300D4369A /* PBXTargetDependency */,
			);
			name = jawaherAbuLahsahUITests;
			productName = jawaherAbuLahsahUITests;
			productReference = 958FE97F273BC72300D4369A /* jawaherAbuLahsahUITests.xctest */;
			productType = "com.apple.product-type.bundle.ui-testing";
		};
/* End PBXNativeTarget section */

/* Begin PBXProject section */
		958FE957273BC72100D4369A /* Project object */ = {
			isa = PBXProject;
			attributes = {
				BuildIndependentTargetsInParallel = 1;
				LastSwiftUpdateCheck = 1310;
				LastUpgradeCheck = 1310;
				TargetAttributes = {
					958FE95E273BC72100D4369A = {
						CreatedOnToolsVersion = 13.1;
					};
					958FE974273BC72300D4369A = {
						CreatedOnToolsVersion = 13.1;
						TestTargetID = 958FE95E273BC72100D4369A;
					};
					958FE97E273BC72300D4369A = {
						CreatedOnToolsVersion = 13.1;
						TestTargetID = 958FE95E273BC72100D4369A;
					};
				};
			};
			buildConfigurationList = 958FE95A273BC72100D4369A /* Build configuration list for PBXProject "jawaherAbuLahsah" */;
			compatibilityVersion = "Xcode 13.0";
			developmentRegion = en;
			hasScannedForEncodings = 0;
			knownRegions = (
				en,
				Base,
			);
			mainGroup = 958FE956273BC72100D4369A;
			productRefGroup = 958FE960273BC72100D4369A /* Products */;
			projectDirPath = "";
			projectRoot = "";
			targets = (
				958FE95E273BC72100D4369A /* jawaherAbuLahsah */,
				958FE974273BC72300D4369A /* jawaherAbuLahsahTests */,
				958FE97E273BC72300D4369A /* jawaherAbuLahsahUITests */,
			);
		};
/* End PBXProject section */

/* Begin PBXResourcesBuildPhase section */
		958FE95D273BC72100D4369A /* Resources */ = {
			isa = PBXResourcesBuildPhase;
			buildActionMask = 2147483647;
			files = (
				958FE96F273BC72300D4369A /* LaunchScreen.storyboard in Resources */,
				958FE96C273BC72300D4369A /* Assets.xcassets in Resources */,
				958FE96A273BC72100D4369A /* Main.storyboard in Resources */,
			);
			runOnlyForDeploymentPostprocessing = 0;
		};
		958FE973273BC72300D4369A /* Resources */ = {
			isa = PBXResourcesBuildPhase;
			buildActionMask = 2147483647;
			files = (
			);
			runOnlyForDeploymentPostprocessing = 0;
		};
		958FE97D273BC72300D4369A /* Resources */ = {
			isa = PBXResourcesBuildPhase;
			buildActionMask = 2147483647;
			files = (
			);
			runOnlyForDeploymentPostprocessing = 0;
		};
/* End PBXResourcesBuildPhase section */

/* Begin PBXSourcesBuildPhase section */
		958FE95B273BC72100D4369A /* Sources */ = {
			isa = PBXSourcesBuildPhase;
			buildActionMask = 2147483647;
			files = (
				958FE967273BC72100D4369A /* ViewController.swift in Sources */,
				958FE963273BC72100D4369A /* AppDelegate.swift in Sources */,
				958FE965273BC72100D4369A /* SceneDelegate.swift in Sources */,
			);
			runOnlyForDeploymentPostprocessing = 0;
		};
		958FE971273BC72300D4369A /* Sources */ = {
			isa = PBXSourcesBuildPhase;
			buildActionMask = 2147483647;
			files = (
				958FE97A273BC72300D4369A /* jawaherAbuLahsahTests.swift in Sources */,
			);
			runOnlyForDeploymentPostprocessing = 0;
		};
		958FE97B273BC72300D4369A /* Sources */ = {
			isa = PBXSourcesBuildPhase;
			buildActionMask = 2147483647;
			files = (
				958FE984273BC72300D4369A /* jawaherAbuLahsahUITests.swift in Sources */,
				958FE986273BC72300D4369A /* jawaherAbuLahsahUITestsLaunchTests.swift in Sources */,
			);
			runOnlyForDeploymentPostprocessing = 0;
		};
/* End PBXSourcesBuildPhase section */

/* Begin PBXTargetDependency section */
		958FE977273BC72300D4369A /* PBXTargetDependency */ = {
			isa = PBXTargetDependency;
			target = 958FE95E273BC72100D4369A /* jawaherAbuLahsah */;
			targetProxy = 958FE976273BC72300D4369A /* PBXContainerItemProxy */;
		};
		958FE981273BC72300D4369A /* PBXTargetDependency */ = {
			isa = PBXTargetDependency;
			target = 958FE95E273BC72100D4369A /* jawaherAbuLahsah */;
			targetProxy = 958FE980273BC72300D4369A /* PBXContainerItemProxy */;
		};
/* End PBXTargetDependency section */

/* Begin PBXVariantGroup section */
		958FE968273BC72100D4369A /* Main.storyboard */ = {
			isa = PBXVariantGroup;
			children = (
				958FE969273BC72100D4369A /* Base */,
			);
			name = Main.storyboard;
			sourceTree = "<group>";
		};
		958FE96D273BC72300D4369A /* LaunchScreen.storyboard */ = {
			isa = PBXVariantGroup;
			children = (
				958FE96E273BC72300D4369A /* Base */,
			);
			name = LaunchScreen.storyboard;
			sourceTree = "<group>";
		};
/* End PBXVariantGroup section */

/* Begin XCBuildConfiguration section */
		958FE987273BC72300D4369A /* Debug */ = {
			isa = XCBuildConfiguration;
			buildSettings = {
				ALWAYS_SEARCH_USER_PATHS = NO;
				CLANG_ANALYZER_NONNULL = YES;
				CLANG_ANALYZER_NUMBER_OBJECT_CONVERSION = YES_AGGRESSIVE;
				CLANG_CXX_LANGUAGE_STANDARD = "gnu++17";
				CLANG_CXX_LIBRARY = "libc++";
				CLANG_ENABLE_MODULES = YES;
				CLANG_ENABLE_OBJC_ARC = YES;
				CLANG_ENABLE_OBJC_WEAK = YES;
				CLANG_WARN_BLOCK_CAPTURE_AUTORELEASING = YES;
				CLANG_WARN_BOOL_CONVERSION = YES;
				CLANG_WARN_COMMA = YES;
				CLANG_WARN_CONSTANT_CONVERSION = YES;
				CLANG_WARN_DEPRECATED_OBJC_IMPLEMENTATIONS = YES;
				CLANG_WARN_DIRECT_OBJC_ISA_USAGE = YES_ERROR;
				CLANG_WARN_DOCUMENTATION_COMMENTS = YES;
				CLANG_WARN_EMPTY_BODY = YES;
				CLANG_WARN_ENUM_CONVERSION = YES;
				CLANG_WARN_INFINITE_RECURSION = YES;
				CLANG_WARN_INT_CONVERSION = YES;
				CLANG_WARN_NON_LITERAL_NULL_CONVERSION = YES;
				CLANG_WARN_OBJC_IMPLICIT_RETAIN_SELF = YES;
				CLANG_WARN_OBJC_LITERAL_CONVERSION = YES;
				CLANG_WARN_OBJC_ROOT_CLASS = YES_ERROR;
				CLANG_WARN_QUOTED_INCLUDE_IN_FRAMEWORK_HEADER = YES;
				CLANG_WARN_RANGE_LOOP_ANALYSIS = YES;
				CLANG_WARN_STRICT_PROTOTYPES = YES;
				CLANG_WARN_SUSPICIOUS_MOVE = YES;
				CLANG_WARN_UNGUARDED_AVAILABILITY = YES_AGGRESSIVE;
				CLANG_WARN_UNREACHABLE_CODE = YES;
				CLANG_WARN__DUPLICATE_METHOD_MATCH = YES;
				COPY_PHASE_STRIP = NO;
				DEBUG_INFORMATION_FORMAT = dwarf;
				ENABLE_STRICT_OBJC_MSGSEND = YES;
				ENABLE_TESTABILITY = YES;
				GCC_C_LANGUAGE_STANDARD = gnu11;
				GCC_DYNAMIC_NO_PIC = NO;
				GCC_NO_COMMON_BLOCKS = YES;
				GCC_OPTIMIZATION_LEVEL = 0;
				GCC_PREPROCESSOR_DEFINITIONS = (
					"DEBUG=1",
					"$(inherited)",
				);
				GCC_WARN_64_TO_32_BIT_CONVERSION = YES;
				GCC_WARN_ABOUT_RETURN_TYPE = YES_ERROR;
				GCC_WARN_UNDECLARED_SELECTOR = YES;
				GCC_WARN_UNINITIALIZED_AUTOS = YES_AGGRESSIVE;
				GCC_WARN_UNUSED_FUNCTION = YES;
				GCC_WARN_UNUSED_VARIABLE = YES;
				IPHONEOS_DEPLOYMENT_TARGET = 15.0;
				MTL_ENABLE_DEBUG_INFO = INCLUDE_SOURCE;
				MTL_FAST_MATH = YES;
				ONLY_ACTIVE_ARCH = YES;
				SDKROOT = iphoneos;
				SWIFT_ACTIVE_COMPILATION_CONDITIONS = DEBUG;
				SWIFT_OPTIMIZATION_LEVEL = "-Onone";
			};
			name = Debug;
		};
		958FE988273BC72300D4369A /* Release */ = {
			isa = XCBuildConfiguration;
			buildSettings = {
				ALWAYS_SEARCH_USER_PATHS = NO;
				CLANG_ANALYZER_NONNULL = YES;
				CLANG_ANALYZER_NUMBER_OBJECT_CONVERSION = YES_AGGRESSIVE;
				CLANG_CXX_LANGUAGE_STANDARD = "gnu++17";
				CLANG_CXX_LIBRARY = "libc++";
				CLANG_ENABLE_MODULES = YES;
				CLANG_ENABLE_OBJC_ARC = YES;
				CLANG_ENABLE_OBJC_WEAK = YES;
				CLANG_WARN_BLOCK_CAPTURE_AUTORELEASING = YES;
				CLANG_WARN_BOOL_CONVERSION = YES;
				CLANG_WARN_COMMA = YES;
				CLANG_WARN_CONSTANT_CONVERSION = YES;
				CLANG_WARN_DEPRECATED_OBJC_IMPLEMENTATIONS = YES;
				CLANG_WARN_DIRECT_OBJC_ISA_USAGE = YES_ERROR;
				CLANG_WARN_DOCUMENTATION_COMMENTS = YES;
				CLANG_WARN_EMPTY_BODY = YES;
				CLANG_WARN_ENUM_CONVERSION = YES;
				CLANG_WARN_INFINITE_RECURSION = YES;
				CLANG_WARN_INT_CONVERSION = YES;
				CLANG_WARN_NON_LITERAL_NULL_CONVERSION = YES;
				CLANG_WARN_OBJC_IMPLICIT_RETAIN_SELF = YES;
				CLANG_WARN_OBJC_LITERAL_CONVERSION = YES;
				CLANG_WARN_OBJC_ROOT_CLASS = YES_ERROR;
				CLANG_WARN_QUOTED_INCLUDE_IN_FRAMEWORK_HEADER = YES;
				CLANG_WARN_RANGE_LOOP_ANALYSIS = YES;
				CLANG_WARN_STRICT_PROTOTYPES = YES;
				CLANG_WARN_SUSPICIOUS_MOVE = YES;
				CLANG_WARN_UNGUARDED_AVAILABILITY = YES_AGGRESSIVE;
				CLANG_WARN_UNREACHABLE_CODE = YES;
				CLANG_WARN__DUPLICATE_METHOD_MATCH = YES;
				COPY_PHASE_STRIP = NO;
				DEBUG_INFORMATION_FORMAT = "dwarf-with-dsym";
				ENABLE_NS_ASSERTIONS = NO;
				ENABLE_STRICT_OBJC_MSGSEND = YES;
				GCC_C_LANGUAGE_STANDARD = gnu11;
				GCC_NO_COMMON_BLOCKS = YES;
				GCC_WARN_64_TO_32_BIT_CONVERSION = YES;
				GCC_WARN_ABOUT_RETURN_TYPE = YES_ERROR;
				GCC_WARN_UNDECLARED_SELECTOR = YES;
				GCC_WARN_UNINITIALIZED_AUTOS = YES_AGGRESSIVE;
				GCC_WARN_UNUSED_FUNCTION = YES;
				GCC_WARN_UNUSED_VARIABLE = YES;
				IPHONEOS_DEPLOYMENT_TARGET = 15.0;
				MTL_ENABLE_DEBUG_INFO = NO;
				MTL_FAST_MATH = YES;
				SDKROOT = iphoneos;
				SWIFT_COMPILATION_MODE = wholemodule;
				SWIFT_OPTIMIZATION_LEVEL = "-O";
				VALIDATE_PRODUCT = YES;
			};
			name = Release;
		};
		958FE98A273BC72300D4369A /* Debug */ = {
			isa = XCBuildConfiguration;
			buildSettings = {
				ASSETCATALOG_COMPILER_APPICON_NAME = AppIcon;
				ASSETCATALOG_COMPILER_GLOBAL_ACCENT_COLOR_NAME = AccentColor;
				CODE_SIGN_STYLE = Automatic;
				CURRENT_PROJECT_VERSION = 1;
				DEVELOPMENT_TEAM = 4TAAWH6W7Q;
				GENERATE_INFOPLIST_FILE = YES;
				INFOPLIST_FILE = jawaherAbuLahsah/Info.plist;
				INFOPLIST_KEY_UIApplicationSupportsIndirectInputEvents = YES;
				INFOPLIST_KEY_UILaunchStoryboardName = LaunchScreen;
				INFOPLIST_KEY_UIMainStoryboardFile = Main;
				INFOPLIST_KEY_UISupportedInterfaceOrientations_iPad = "UIInterfaceOrientationPortrait UIInterfaceOrientationPortraitUpsideDown UIInterfaceOrientationLandscapeLeft UIInterfaceOrientationLandscapeRight";
				INFOPLIST_KEY_UISupportedInterfaceOrientations_iPhone = "UIInterfaceOrientationPortrait UIInterfaceOrientationLandscapeLeft UIInterfaceOrientationLandscapeRight";
				LD_RUNPATH_SEARCH_PATHS = (
					"$(inherited)",
					"@executable_path/Frameworks",
				);
				MARKETING_VERSION = 1.0;
				PRODUCT_BUNDLE_IDENTIFIER = jawaher.jawaherAbuLahsah;
				PRODUCT_NAME = "$(TARGET_NAME)";
				SWIFT_EMIT_LOC_STRINGS = YES;
				SWIFT_VERSION = 5.0;
				TARGETED_DEVICE_FAMILY = "1,2";
			};
			name = Debug;
		};
		958FE98B273BC72300D4369A /* Release */ = {
			isa = XCBuildConfiguration;
			buildSettings = {
				ASSETCATALOG_COMPILER_APPICON_NAME = AppIcon;
				ASSETCATALOG_COMPILER_GLOBAL_ACCENT_COLOR_NAME = AccentColor;
				CODE_SIGN_STYLE = Automatic;
				CURRENT_PROJECT_VERSION = 1;
				DEVELOPMENT_TEAM = 4TAAWH6W7Q;
				GENERATE_INFOPLIST_FILE = YES;
				INFOPLIST_FILE = jawaherAbuLahsah/Info.plist;
				INFOPLIST_KEY_UIApplicationSupportsIndirectInputEvents = YES;
				INFOPLIST_KEY_UILaunchStoryboardName = LaunchScreen;
				INFOPLIST_KEY_UIMainStoryboardFile = Main;
				INFOPLIST_KEY_UISupportedInterfaceOrientations_iPad = "UIInterfaceOrientationPortrait UIInterfaceOrientationPortraitUpsideDown UIInterfaceOrientationLandscapeLeft UIInterfaceOrientationLandscapeRight";
				INFOPLIST_KEY_UISupportedInterfaceOrientations_iPhone = "UIInterfaceOrientationPortrait UIInterfaceOrientationLandscapeLeft UIInterfaceOrientationLandscapeRight";
				LD_RUNPATH_SEARCH_PATHS = (
					"$(inherited)",
					"@executable_path/Frameworks",
				);
				MARKETING_VERSION = 1.0;
				PRODUCT_BUNDLE_IDENTIFIER = jawaher.jawaherAbuLahsah;
				PRODUCT_NAME = "$(TARGET_NAME)";
				SWIFT_EMIT_LOC_STRINGS = YES;
				SWIFT_VERSION = 5.0;
				TARGETED_DEVICE_FAMILY = "1,2";
			};
			name = Release;
		};
		958FE98D273BC72300D4369A /* Debug */ = {
			isa = XCBuildConfiguration;
			buildSettings = {
				ALWAYS_EMBED_SWIFT_STANDARD_LIBRARIES = YES;
				BUNDLE_LOADER = "$(TEST_HOST)";
				CODE_SIGN_STYLE = Automatic;
				CURRENT_PROJECT_VERSION = 1;
				DEVELOPMENT_TEAM = 4TAAWH6W7Q;
				GENERATE_INFOPLIST_FILE = YES;
				IPHONEOS_DEPLOYMENT_TARGET = 15.0;
				LD_RUNPATH_SEARCH_PATHS = (
					"$(inherited)",
					"@executable_path/Frameworks",
					"@loader_path/Frameworks",
				);
				MARKETING_VERSION = 1.0;
				PRODUCT_BUNDLE_IDENTIFIER = jawaher.jawaherAbuLahsahTests;
				PRODUCT_NAME = "$(TARGET_NAME)";
				SWIFT_EMIT_LOC_STRINGS = NO;
				SWIFT_VERSION = 5.0;
				TARGETED_DEVICE_FAMILY = "1,2";
				TEST_HOST = "$(BUILT_PRODUCTS_DIR)/jawaherAbuLahsah.app/jawaherAbuLahsah";
			};
			name = Debug;
		};
		958FE98E273BC72300D4369A /* Release */ = {
			isa = XCBuildConfiguration;
			buildSettings = {
				ALWAYS_EMBED_SWIFT_STANDARD_LIBRARIES = YES;
				BUNDLE_LOADER = "$(TEST_HOST)";
				CODE_SIGN_STYLE = Automatic;
				CURRENT_PROJECT_VERSION = 1;
				DEVELOPMENT_TEAM = 4TAAWH6W7Q;
				GENERATE_INFOPLIST_FILE = YES;
				IPHONEOS_DEPLOYMENT_TARGET = 15.0;
				LD_RUNPATH_SEARCH_PATHS = (
					"$(inherited)",
					"@executable_path/Frameworks",
					"@loader_path/Frameworks",
				);
				MARKETING_VERSION = 1.0;
				PRODUCT_BUNDLE_IDENTIFIER = jawaher.jawaherAbuLahsahTests;
				PRODUCT_NAME = "$(TARGET_NAME)";
				SWIFT_EMIT_LOC_STRINGS = NO;
				SWIFT_VERSION = 5.0;
				TARGETED_DEVICE_FAMILY = "1,2";
				TEST_HOST = "$(BUILT_PRODUCTS_DIR)/jawaherAbuLahsah.app/jawaherAbuLahsah";
			};
			name = Release;
		};
		958FE990273BC72300D4369A /* Debug */ = {
			isa = XCBuildConfiguration;
			buildSettings = {
				ALWAYS_EMBED_SWIFT_STANDARD_LIBRARIES = YES;
				CODE_SIGN_STYLE = Automatic;
				CURRENT_PROJECT_VERSION = 1;
				DEVELOPMENT_TEAM = 4TAAWH6W7Q;
				GENERATE_INFOPLIST_FILE = YES;
				LD_RUNPATH_SEARCH_PATHS = (
					"$(inherited)",
					"@executable_path/Frameworks",
					"@loader_path/Frameworks",
				);
				MARKETING_VERSION = 1.0;
				PRODUCT_BUNDLE_IDENTIFIER = jawaher.jawaherAbuLahsahUITests;
				PRODUCT_NAME = "$(TARGET_NAME)";
				SWIFT_EMIT_LOC_STRINGS = NO;
				SWIFT_VERSION = 5.0;
				TARGETED_DEVICE_FAMILY = "1,2";
				TEST_TARGET_NAME = jawaherAbuLahsah;
			};
			name = Debug;
		};
		958FE991273BC72300D4369A /* Release */ = {
			isa = XCBuildConfiguration;
			buildSettings = {
				ALWAYS_EMBED_SWIFT_STANDARD_LIBRARIES = YES;
				CODE_SIGN_STYLE = Automatic;
				CURRENT_PROJECT_VERSION = 1;
				DEVELOPMENT_TEAM = 4TAAWH6W7Q;
				GENERATE_INFOPLIST_FILE = YES;
				LD_RUNPATH_SEARCH_PATHS = (
					"$(inherited)",
					"@executable_path/Frameworks",
					"@loader_path/Frameworks",
				);
				MARKETING_VERSION = 1.0;
				PRODUCT_BUNDLE_IDENTIFIER = jawaher.jawaherAbuLahsahUITests;
				PRODUCT_NAME = "$(TARGET_NAME)";
				SWIFT_EMIT_LOC_STRINGS = NO;
				SWIFT_VERSION = 5.0;
				TARGETED_DEVICE_FAMILY = "1,2";
				TEST_TARGET_NAME = jawaherAbuLahsah;
			};
			name = Release;
		};
/* End XCBuildConfiguration section */

/* Begin XCConfigurationList section */
		958FE95A273BC72100D4369A /* Build configuration list for PBXProject "jawaherAbuLahsah" */ = {
			isa = XCConfigurationList;
			buildConfigurations = (
				958FE987273BC72300D4369A /* Debug */,
				958FE988273BC72300D4369A /* Release */,
			);
			defaultConfigurationIsVisible = 0;
			defaultConfigurationName = Release;
		};
		958FE989273BC72300D4369A /* Build configuration list for PBXNativeTarget "jawaherAbuLahsah" */ = {
			isa = XCConfigurationList;
			buildConfigurations = (
				958FE98A273BC72300D4369A /* Debug */,
				958FE98B273BC72300D4369A /* Release */,
			);
			defaultConfigurationIsVisible = 0;
			defaultConfigurationName = Release;
		};
		958FE98C273BC72300D4369A /* Build configuration list for PBXNativeTarget "jawaherAbuLahsahTests" */ = {
			isa = XCConfigurationList;
			buildConfigurations = (
				958FE98D273BC72300D4369A /* Debug */,
				958FE98E273BC72300D4369A /* Release */,
			);
			defaultConfigurationIsVisible = 0;
			defaultConfigurationName = Release;
		};
		958FE98F273BC72300D4369A /* Build configuration list for PBXNativeTarget "jawaherAbuLahsahUITests" */ = {
			isa = XCConfigurationList;
			buildConfigurations = (
				958FE990273BC72300D4369A /* Debug */,
				958FE991273BC72300D4369A /* Release */,
			);
			defaultConfigurationIsVisible = 0;
			defaultConfigurationName = Release;
		};
/* End XCConfigurationList section */
	};
	rootObject = 958FE957273BC72100D4369A /* Project object */;
}
