// !$*UTF8*$!
{
	archiveVersion = 1;
	classes = {
	};
	objectVersion = 55;
	objects = {

/* Begin PBXBuildFile section */
		45D10D25273BF0BD00F96DE4 /* AppDelegate.swift in Sources */ = {isa = PBXBuildFile; fileRef = 45D10D24273BF0BD00F96DE4 /* AppDelegate.swift */; };
		45D10D27273BF0BD00F96DE4 /* SceneDelegate.swift in Sources */ = {isa = PBXBuildFile; fileRef = 45D10D26273BF0BD00F96DE4 /* SceneDelegate.swift */; };
		45D10D29273BF0BD00F96DE4 /* ViewController.swift in Sources */ = {isa = PBXBuildFile; fileRef = 45D10D28273BF0BD00F96DE4 /* ViewController.swift */; };
		45D10D2C273BF0BD00F96DE4 /* Main.storyboard in Resources */ = {isa = PBXBuildFile; fileRef = 45D10D2A273BF0BD00F96DE4 /* Main.storyboard */; };
		45D10D2E273BF0BE00F96DE4 /* Assets.xcassets in Resources */ = {isa = PBXBuildFile; fileRef = 45D10D2D273BF0BE00F96DE4 /* Assets.xcassets */; };
		45D10D31273BF0BE00F96DE4 /* LaunchScreen.storyboard in Resources */ = {isa = PBXBuildFile; fileRef = 45D10D2F273BF0BE00F96DE4 /* LaunchScreen.storyboard */; };
		45D10D3C273BF0BE00F96DE4 /* lab_19Tests.swift in Sources */ = {isa = PBXBuildFile; fileRef = 45D10D3B273BF0BE00F96DE4 /* lab_19Tests.swift */; };
		45D10D46273BF0BE00F96DE4 /* lab_19UITests.swift in Sources */ = {isa = PBXBuildFile; fileRef = 45D10D45273BF0BE00F96DE4 /* lab_19UITests.swift */; };
		45D10D48273BF0BE00F96DE4 /* lab_19UITestsLaunchTests.swift in Sources */ = {isa = PBXBuildFile; fileRef = 45D10D47273BF0BE00F96DE4 /* lab_19UITestsLaunchTests.swift */; };
/* End PBXBuildFile section */

/* Begin PBXContainerItemProxy section */
		45D10D38273BF0BE00F96DE4 /* PBXContainerItemProxy */ = {
			isa = PBXContainerItemProxy;
			containerPortal = 45D10D19273BF0BD00F96DE4 /* Project object */;
			proxyType = 1;
			remoteGlobalIDString = 45D10D20273BF0BD00F96DE4;
			remoteInfo = "lab 19";
		};
		45D10D42273BF0BE00F96DE4 /* PBXContainerItemProxy */ = {
			isa = PBXContainerItemProxy;
			containerPortal = 45D10D19273BF0BD00F96DE4 /* Project object */;
			proxyType = 1;
			remoteGlobalIDString = 45D10D20273BF0BD00F96DE4;
			remoteInfo = "lab 19";
		};
/* End PBXContainerItemProxy section */

/* Begin PBXFileReference section */
		45D10D21273BF0BD00F96DE4 /* lab 19.app */ = {isa = PBXFileReference; explicitFileType = wrapper.application; includeInIndex = 0; path = "lab 19.app"; sourceTree = BUILT_PRODUCTS_DIR; };
		45D10D24273BF0BD00F96DE4 /* AppDelegate.swift */ = {isa = PBXFileReference; lastKnownFileType = sourcecode.swift; path = AppDelegate.swift; sourceTree = "<group>"; };
		45D10D26273BF0BD00F96DE4 /* SceneDelegate.swift */ = {isa = PBXFileReference; lastKnownFileType = sourcecode.swift; path = SceneDelegate.swift; sourceTree = "<group>"; };
		45D10D28273BF0BD00F96DE4 /* ViewController.swift */ = {isa = PBXFileReference; lastKnownFileType = sourcecode.swift; path = ViewController.swift; sourceTree = "<group>"; };
		45D10D2B273BF0BD00F96DE4 /* Base */ = {isa = PBXFileReference; lastKnownFileType = file.storyboard; name = Base; path = Base.lproj/Main.storyboard; sourceTree = "<group>"; };
		45D10D2D273BF0BE00F96DE4 /* Assets.xcassets */ = {isa = PBXFileReference; lastKnownFileType = folder.assetcatalog; path = Assets.xcassets; sourceTree = "<group>"; };
		45D10D30273BF0BE00F96DE4 /* Base */ = {isa = PBXFileReference; lastKnownFileType = file.storyboard; name = Base; path = Base.lproj/LaunchScreen.storyboard; sourceTree = "<group>"; };
		45D10D32273BF0BE00F96DE4 /* Info.plist */ = {isa = PBXFileReference; lastKnownFileType = text.plist.xml; path = Info.plist; sourceTree = "<group>"; };
		45D10D37273BF0BE00F96DE4 /* lab 19Tests.xctest */ = {isa = PBXFileReference; explicitFileType = wrapper.cfbundle; includeInIndex = 0; path = "lab 19Tests.xctest"; sourceTree = BUILT_PRODUCTS_DIR; };
		45D10D3B273BF0BE00F96DE4 /* lab_19Tests.swift */ = {isa = PBXFileReference; lastKnownFileType = sourcecode.swift; path = lab_19Tests.swift; sourceTree = "<group>"; };
		45D10D41273BF0BE00F96DE4 /* lab 19UITests.xctest */ = {isa = PBXFileReference; explicitFileType = wrapper.cfbundle; includeInIndex = 0; path = "lab 19UITests.xctest"; sourceTree = BUILT_PRODUCTS_DIR; };
		45D10D45273BF0BE00F96DE4 /* lab_19UITests.swift */ = {isa = PBXFileReference; lastKnownFileType = sourcecode.swift; path = lab_19UITests.swift; sourceTree = "<group>"; };
		45D10D47273BF0BE00F96DE4 /* lab_19UITestsLaunchTests.swift */ = {isa = PBXFileReference; lastKnownFileType = sourcecode.swift; path = lab_19UITestsLaunchTests.swift; sourceTree = "<group>"; };
/* End PBXFileReference section */

/* Begin PBXFrameworksBuildPhase section */
		45D10D1E273BF0BD00F96DE4 /* Frameworks */ = {
			isa = PBXFrameworksBuildPhase;
			buildActionMask = 2147483647;
			files = (
			);
			runOnlyForDeploymentPostprocessing = 0;
		};
		45D10D34273BF0BE00F96DE4 /* Frameworks */ = {
			isa = PBXFrameworksBuildPhase;
			buildActionMask = 2147483647;
			files = (
			);
			runOnlyForDeploymentPostprocessing = 0;
		};
		45D10D3E273BF0BE00F96DE4 /* Frameworks */ = {
			isa = PBXFrameworksBuildPhase;
			buildActionMask = 2147483647;
			files = (
			);
			runOnlyForDeploymentPostprocessing = 0;
		};
/* End PBXFrameworksBuildPhase section */

/* Begin PBXGroup section */
		45D10D18273BF0BC00F96DE4 = {
			isa = PBXGroup;
			children = (
				45D10D23273BF0BD00F96DE4 /* lab 19 */,
				45D10D3A273BF0BE00F96DE4 /* lab 19Tests */,
				45D10D44273BF0BE00F96DE4 /* lab 19UITests */,
				45D10D22273BF0BD00F96DE4 /* Products */,
			);
			sourceTree = "<group>";
		};
		45D10D22273BF0BD00F96DE4 /* Products */ = {
			isa = PBXGroup;
			children = (
				45D10D21273BF0BD00F96DE4 /* lab 19.app */,
				45D10D37273BF0BE00F96DE4 /* lab 19Tests.xctest */,
				45D10D41273BF0BE00F96DE4 /* lab 19UITests.xctest */,
			);
			name = Products;
			sourceTree = "<group>";
		};
		45D10D23273BF0BD00F96DE4 /* lab 19 */ = {
			isa = PBXGroup;
			children = (
				45D10D24273BF0BD00F96DE4 /* AppDelegate.swift */,
				45D10D26273BF0BD00F96DE4 /* SceneDelegate.swift */,
				45D10D28273BF0BD00F96DE4 /* ViewController.swift */,
				45D10D2A273BF0BD00F96DE4 /* Main.storyboard */,
				45D10D2D273BF0BE00F96DE4 /* Assets.xcassets */,
				45D10D2F273BF0BE00F96DE4 /* LaunchScreen.storyboard */,
				45D10D32273BF0BE00F96DE4 /* Info.plist */,
			);
			path = "lab 19";
			sourceTree = "<group>";
		};
		45D10D3A273BF0BE00F96DE4 /* lab 19Tests */ = {
			isa = PBXGroup;
			children = (
				45D10D3B273BF0BE00F96DE4 /* lab_19Tests.swift */,
			);
			path = "lab 19Tests";
			sourceTree = "<group>";
		};
		45D10D44273BF0BE00F96DE4 /* lab 19UITests */ = {
			isa = PBXGroup;
			children = (
				45D10D45273BF0BE00F96DE4 /* lab_19UITests.swift */,
				45D10D47273BF0BE00F96DE4 /* lab_19UITestsLaunchTests.swift */,
			);
			path = "lab 19UITests";
			sourceTree = "<group>";
		};
/* End PBXGroup section */

/* Begin PBXNativeTarget section */
		45D10D20273BF0BD00F96DE4 /* lab 19 */ = {
			isa = PBXNativeTarget;
			buildConfigurationList = 45D10D4B273BF0BE00F96DE4 /* Build configuration list for PBXNativeTarget "lab 19" */;
			buildPhases = (
				45D10D1D273BF0BD00F96DE4 /* Sources */,
				45D10D1E273BF0BD00F96DE4 /* Frameworks */,
				45D10D1F273BF0BD00F96DE4 /* Resources */,
			);
			buildRules = (
			);
			dependencies = (
			);
			name = "lab 19";
			productName = "lab 19";
			productReference = 45D10D21273BF0BD00F96DE4 /* lab 19.app */;
			productType = "com.apple.product-type.application";
		};
		45D10D36273BF0BE00F96DE4 /* lab 19Tests */ = {
			isa = PBXNativeTarget;
			buildConfigurationList = 45D10D4E273BF0BE00F96DE4 /* Build configuration list for PBXNativeTarget "lab 19Tests" */;
			buildPhases = (
				45D10D33273BF0BE00F96DE4 /* Sources */,
				45D10D34273BF0BE00F96DE4 /* Frameworks */,
				45D10D35273BF0BE00F96DE4 /* Resources */,
			);
			buildRules = (
			);
			dependencies = (
				45D10D39273BF0BE00F96DE4 /* PBXTargetDependency */,
			);
			name = "lab 19Tests";
			productName = "lab 19Tests";
			productReference = 45D10D37273BF0BE00F96DE4 /* lab 19Tests.xctest */;
			productType = "com.apple.product-type.bundle.unit-test";
		};
		45D10D40273BF0BE00F96DE4 /* lab 19UITests */ = {
			isa = PBXNativeTarget;
			buildConfigurationList = 45D10D51273BF0BE00F96DE4 /* Build configuration list for PBXNativeTarget "lab 19UITests" */;
			buildPhases = (
				45D10D3D273BF0BE00F96DE4 /* Sources */,
				45D10D3E273BF0BE00F96DE4 /* Frameworks */,
				45D10D3F273BF0BE00F96DE4 /* Resources */,
			);
			buildRules = (
			);
			dependencies = (
				45D10D43273BF0BE00F96DE4 /* PBXTargetDependency */,
			);
			name = "lab 19UITests";
			productName = "lab 19UITests";
			productReference = 45D10D41273BF0BE00F96DE4 /* lab 19UITests.xctest */;
			productType = "com.apple.product-type.bundle.ui-testing";
		};
/* End PBXNativeTarget section */

/* Begin PBXProject section */
		45D10D19273BF0BD00F96DE4 /* Project object */ = {
			isa = PBXProject;
			attributes = {
				BuildIndependentTargetsInParallel = 1;
				LastSwiftUpdateCheck = 1300;
				LastUpgradeCheck = 1300;
				TargetAttributes = {
					45D10D20273BF0BD00F96DE4 = {
						CreatedOnToolsVersion = 13.0;
					};
					45D10D36273BF0BE00F96DE4 = {
						CreatedOnToolsVersion = 13.0;
						TestTargetID = 45D10D20273BF0BD00F96DE4;
					};
					45D10D40273BF0BE00F96DE4 = {
						CreatedOnToolsVersion = 13.0;
						TestTargetID = 45D10D20273BF0BD00F96DE4;
					};
				};
			};
			buildConfigurationList = 45D10D1C273BF0BD00F96DE4 /* Build configuration list for PBXProject "lab 19" */;
			compatibilityVersion = "Xcode 13.0";
			developmentRegion = en;
			hasScannedForEncodings = 0;
			knownRegions = (
				en,
				Base,
			);
			mainGroup = 45D10D18273BF0BC00F96DE4;
			productRefGroup = 45D10D22273BF0BD00F96DE4 /* Products */;
			projectDirPath = "";
			projectRoot = "";
			targets = (
				45D10D20273BF0BD00F96DE4 /* lab 19 */,
				45D10D36273BF0BE00F96DE4 /* lab 19Tests */,
				45D10D40273BF0BE00F96DE4 /* lab 19UITests */,
			);
		};
/* End PBXProject section */

/* Begin PBXResourcesBuildPhase section */
		45D10D1F273BF0BD00F96DE4 /* Resources */ = {
			isa = PBXResourcesBuildPhase;
			buildActionMask = 2147483647;
			files = (
				45D10D31273BF0BE00F96DE4 /* LaunchScreen.storyboard in Resources */,
				45D10D2E273BF0BE00F96DE4 /* Assets.xcassets in Resources */,
				45D10D2C273BF0BD00F96DE4 /* Main.storyboard in Resources */,
			);
			runOnlyForDeploymentPostprocessing = 0;
		};
		45D10D35273BF0BE00F96DE4 /* Resources */ = {
			isa = PBXResourcesBuildPhase;
			buildActionMask = 2147483647;
			files = (
			);
			runOnlyForDeploymentPostprocessing = 0;
		};
		45D10D3F273BF0BE00F96DE4 /* Resources */ = {
			isa = PBXResourcesBuildPhase;
			buildActionMask = 2147483647;
			files = (
			);
			runOnlyForDeploymentPostprocessing = 0;
		};
/* End PBXResourcesBuildPhase section */

/* Begin PBXSourcesBuildPhase section */
		45D10D1D273BF0BD00F96DE4 /* Sources */ = {
			isa = PBXSourcesBuildPhase;
			buildActionMask = 2147483647;
			files = (
				45D10D29273BF0BD00F96DE4 /* ViewController.swift in Sources */,
				45D10D25273BF0BD00F96DE4 /* AppDelegate.swift in Sources */,
				45D10D27273BF0BD00F96DE4 /* SceneDelegate.swift in Sources */,
			);
			runOnlyForDeploymentPostprocessing = 0;
		};
		45D10D33273BF0BE00F96DE4 /* Sources */ = {
			isa = PBXSourcesBuildPhase;
			buildActionMask = 2147483647;
			files = (
				45D10D3C273BF0BE00F96DE4 /* lab_19Tests.swift in Sources */,
			);
			runOnlyForDeploymentPostprocessing = 0;
		};
		45D10D3D273BF0BE00F96DE4 /* Sources */ = {
			isa = PBXSourcesBuildPhase;
			buildActionMask = 2147483647;
			files = (
				45D10D48273BF0BE00F96DE4 /* lab_19UITestsLaunchTests.swift in Sources */,
				45D10D46273BF0BE00F96DE4 /* lab_19UITests.swift in Sources */,
			);
			runOnlyForDeploymentPostprocessing = 0;
		};
/* End PBXSourcesBuildPhase section */

/* Begin PBXTargetDependency section */
		45D10D39273BF0BE00F96DE4 /* PBXTargetDependency */ = {
			isa = PBXTargetDependency;
			target = 45D10D20273BF0BD00F96DE4 /* lab 19 */;
			targetProxy = 45D10D38273BF0BE00F96DE4 /* PBXContainerItemProxy */;
		};
		45D10D43273BF0BE00F96DE4 /* PBXTargetDependency */ = {
			isa = PBXTargetDependency;
			target = 45D10D20273BF0BD00F96DE4 /* lab 19 */;
			targetProxy = 45D10D42273BF0BE00F96DE4 /* PBXContainerItemProxy */;
		};
/* End PBXTargetDependency section */

/* Begin PBXVariantGroup section */
		45D10D2A273BF0BD00F96DE4 /* Main.storyboard */ = {
			isa = PBXVariantGroup;
			children = (
				45D10D2B273BF0BD00F96DE4 /* Base */,
			);
			name = Main.storyboard;
			sourceTree = "<group>";
		};
		45D10D2F273BF0BE00F96DE4 /* LaunchScreen.storyboard */ = {
			isa = PBXVariantGroup;
			children = (
				45D10D30273BF0BE00F96DE4 /* Base */,
			);
			name = LaunchScreen.storyboard;
			sourceTree = "<group>";
		};
/* End PBXVariantGroup section */

/* Begin XCBuildConfiguration section */
		45D10D49273BF0BE00F96DE4 /* Debug */ = {
			isa = XCBuildConfiguration;
			buildSettings = {
				ALWAYS_SEARCH_USER_PATHS = NO;
				CLANG_ANALYZER_NONNULL = YES;
				CLANG_ANALYZER_NUMBER_OBJECT_CONVERSION = YES_AGGRESSIVE;
				CLANG_CXX_LANGUAGE_STANDARD = "gnu++17";
				CLANG_CXX_LIBRARY = "libc++";
				CLANG_ENABLE_MODULES = YES;
				CLANG_ENABLE_OBJC_ARC = YES;
				CLANG_ENABLE_OBJC_WEAK = YES;
				CLANG_WARN_BLOCK_CAPTURE_AUTORELEASING = YES;
				CLANG_WARN_BOOL_CONVERSION = YES;
				CLANG_WARN_COMMA = YES;
				CLANG_WARN_CONSTANT_CONVERSION = YES;
				CLANG_WARN_DEPRECATED_OBJC_IMPLEMENTATIONS = YES;
				CLANG_WARN_DIRECT_OBJC_ISA_USAGE = YES_ERROR;
				CLANG_WARN_DOCUMENTATION_COMMENTS = YES;
				CLANG_WARN_EMPTY_BODY = YES;
				CLANG_WARN_ENUM_CONVERSION = YES;
				CLANG_WARN_INFINITE_RECURSION = YES;
				CLANG_WARN_INT_CONVERSION = YES;
				CLANG_WARN_NON_LITERAL_NULL_CONVERSION = YES;
				CLANG_WARN_OBJC_IMPLICIT_RETAIN_SELF = YES;
				CLANG_WARN_OBJC_LITERAL_CONVERSION = YES;
				CLANG_WARN_OBJC_ROOT_CLASS = YES_ERROR;
				CLANG_WARN_QUOTED_INCLUDE_IN_FRAMEWORK_HEADER = YES;
				CLANG_WARN_RANGE_LOOP_ANALYSIS = YES;
				CLANG_WARN_STRICT_PROTOTYPES = YES;
				CLANG_WARN_SUSPICIOUS_MOVE = YES;
				CLANG_WARN_UNGUARDED_AVAILABILITY = YES_AGGRESSIVE;
				CLANG_WARN_UNREACHABLE_CODE = YES;
				CLANG_WARN__DUPLICATE_METHOD_MATCH = YES;
				COPY_PHASE_STRIP = NO;
				DEBUG_INFORMATION_FORMAT = dwarf;
				ENABLE_STRICT_OBJC_MSGSEND = YES;
				ENABLE_TESTABILITY = YES;
				GCC_C_LANGUAGE_STANDARD = gnu11;
				GCC_DYNAMIC_NO_PIC = NO;
				GCC_NO_COMMON_BLOCKS = YES;
				GCC_OPTIMIZATION_LEVEL = 0;
				GCC_PREPROCESSOR_DEFINITIONS = (
					"DEBUG=1",
					"$(inherited)",
				);
				GCC_WARN_64_TO_32_BIT_CONVERSION = YES;
				GCC_WARN_ABOUT_RETURN_TYPE = YES_ERROR;
				GCC_WARN_UNDECLARED_SELECTOR = YES;
				GCC_WARN_UNINITIALIZED_AUTOS = YES_AGGRESSIVE;
				GCC_WARN_UNUSED_FUNCTION = YES;
				GCC_WARN_UNUSED_VARIABLE = YES;
				IPHONEOS_DEPLOYMENT_TARGET = 15.0;
				MTL_ENABLE_DEBUG_INFO = INCLUDE_SOURCE;
				MTL_FAST_MATH = YES;
				ONLY_ACTIVE_ARCH = YES;
				SDKROOT = iphoneos;
				SWIFT_ACTIVE_COMPILATION_CONDITIONS = DEBUG;
				SWIFT_OPTIMIZATION_LEVEL = "-Onone";
			};
			name = Debug;
		};
		45D10D4A273BF0BE00F96DE4 /* Release */ = {
			isa = XCBuildConfiguration;
			buildSettings = {
				ALWAYS_SEARCH_USER_PATHS = NO;
				CLANG_ANALYZER_NONNULL = YES;
				CLANG_ANALYZER_NUMBER_OBJECT_CONVERSION = YES_AGGRESSIVE;
				CLANG_CXX_LANGUAGE_STANDARD = "gnu++17";
				CLANG_CXX_LIBRARY = "libc++";
				CLANG_ENABLE_MODULES = YES;
				CLANG_ENABLE_OBJC_ARC = YES;
				CLANG_ENABLE_OBJC_WEAK = YES;
				CLANG_WARN_BLOCK_CAPTURE_AUTORELEASING = YES;
				CLANG_WARN_BOOL_CONVERSION = YES;
				CLANG_WARN_COMMA = YES;
				CLANG_WARN_CONSTANT_CONVERSION = YES;
				CLANG_WARN_DEPRECATED_OBJC_IMPLEMENTATIONS = YES;
				CLANG_WARN_DIRECT_OBJC_ISA_USAGE = YES_ERROR;
				CLANG_WARN_DOCUMENTATION_COMMENTS = YES;
				CLANG_WARN_EMPTY_BODY = YES;
				CLANG_WARN_ENUM_CONVERSION = YES;
				CLANG_WARN_INFINITE_RECURSION = YES;
				CLANG_WARN_INT_CONVERSION = YES;
				CLANG_WARN_NON_LITERAL_NULL_CONVERSION = YES;
				CLANG_WARN_OBJC_IMPLICIT_RETAIN_SELF = YES;
				CLANG_WARN_OBJC_LITERAL_CONVERSION = YES;
				CLANG_WARN_OBJC_ROOT_CLASS = YES_ERROR;
				CLANG_WARN_QUOTED_INCLUDE_IN_FRAMEWORK_HEADER = YES;
				CLANG_WARN_RANGE_LOOP_ANALYSIS = YES;
				CLANG_WARN_STRICT_PROTOTYPES = YES;
				CLANG_WARN_SUSPICIOUS_MOVE = YES;
				CLANG_WARN_UNGUARDED_AVAILABILITY = YES_AGGRESSIVE;
				CLANG_WARN_UNREACHABLE_CODE = YES;
				CLANG_WARN__DUPLICATE_METHOD_MATCH = YES;
				COPY_PHASE_STRIP = NO;
				DEBUG_INFORMATION_FORMAT = "dwarf-with-dsym";
				ENABLE_NS_ASSERTIONS = NO;
				ENABLE_STRICT_OBJC_MSGSEND = YES;
				GCC_C_LANGUAGE_STANDARD = gnu11;
				GCC_NO_COMMON_BLOCKS = YES;
				GCC_WARN_64_TO_32_BIT_CONVERSION = YES;
				GCC_WARN_ABOUT_RETURN_TYPE = YES_ERROR;
				GCC_WARN_UNDECLARED_SELECTOR = YES;
				GCC_WARN_UNINITIALIZED_AUTOS = YES_AGGRESSIVE;
				GCC_WARN_UNUSED_FUNCTION = YES;
				GCC_WARN_UNUSED_VARIABLE = YES;
				IPHONEOS_DEPLOYMENT_TARGET = 15.0;
				MTL_ENABLE_DEBUG_INFO = NO;
				MTL_FAST_MATH = YES;
				SDKROOT = iphoneos;
				SWIFT_COMPILATION_MODE = wholemodule;
				SWIFT_OPTIMIZATION_LEVEL = "-O";
				VALIDATE_PRODUCT = YES;
			};
			name = Release;
		};
		45D10D4C273BF0BE00F96DE4 /* Debug */ = {
			isa = XCBuildConfiguration;
			buildSettings = {
				ASSETCATALOG_COMPILER_APPICON_NAME = AppIcon;
				ASSETCATALOG_COMPILER_GLOBAL_ACCENT_COLOR_NAME = AccentColor;
				CODE_SIGN_STYLE = Automatic;
				CURRENT_PROJECT_VERSION = 1;
				GENERATE_INFOPLIST_FILE = YES;
				INFOPLIST_FILE = "lab 19/Info.plist";
				INFOPLIST_KEY_UIApplicationSupportsIndirectInputEvents = YES;
				INFOPLIST_KEY_UILaunchStoryboardName = LaunchScreen;
				INFOPLIST_KEY_UIMainStoryboardFile = Main;
				INFOPLIST_KEY_UISupportedInterfaceOrientations_iPad = "UIInterfaceOrientationPortrait UIInterfaceOrientationPortraitUpsideDown UIInterfaceOrientationLandscapeLeft UIInterfaceOrientationLandscapeRight";
				INFOPLIST_KEY_UISupportedInterfaceOrientations_iPhone = "UIInterfaceOrientationPortrait UIInterfaceOrientationLandscapeLeft UIInterfaceOrientationLandscapeRight";
				LD_RUNPATH_SEARCH_PATHS = (
					"$(inherited)",
					"@executable_path/Frameworks",
				);
				MARKETING_VERSION = 1.0;
				PRODUCT_BUNDLE_IDENTIFIER = "tuwaiq.ios.lab-19";
				PRODUCT_NAME = "$(TARGET_NAME)";
				SWIFT_EMIT_LOC_STRINGS = YES;
				SWIFT_VERSION = 5.0;
				TARGETED_DEVICE_FAMILY = "1,2";
			};
			name = Debug;
		};
		45D10D4D273BF0BE00F96DE4 /* Release */ = {
			isa = XCBuildConfiguration;
			buildSettings = {
				ASSETCATALOG_COMPILER_APPICON_NAME = AppIcon;
				ASSETCATALOG_COMPILER_GLOBAL_ACCENT_COLOR_NAME = AccentColor;
				CODE_SIGN_STYLE = Automatic;
				CURRENT_PROJECT_VERSION = 1;
				GENERATE_INFOPLIST_FILE = YES;
				INFOPLIST_FILE = "lab 19/Info.plist";
				INFOPLIST_KEY_UIApplicationSupportsIndirectInputEvents = YES;
				INFOPLIST_KEY_UILaunchStoryboardName = LaunchScreen;
				INFOPLIST_KEY_UIMainStoryboardFile = Main;
				INFOPLIST_KEY_UISupportedInterfaceOrientations_iPad = "UIInterfaceOrientationPortrait UIInterfaceOrientationPortraitUpsideDown UIInterfaceOrientationLandscapeLeft UIInterfaceOrientationLandscapeRight";
				INFOPLIST_KEY_UISupportedInterfaceOrientations_iPhone = "UIInterfaceOrientationPortrait UIInterfaceOrientationLandscapeLeft UIInterfaceOrientationLandscapeRight";
				LD_RUNPATH_SEARCH_PATHS = (
					"$(inherited)",
					"@executable_path/Frameworks",
				);
				MARKETING_VERSION = 1.0;
				PRODUCT_BUNDLE_IDENTIFIER = "tuwaiq.ios.lab-19";
				PRODUCT_NAME = "$(TARGET_NAME)";
				SWIFT_EMIT_LOC_STRINGS = YES;
				SWIFT_VERSION = 5.0;
				TARGETED_DEVICE_FAMILY = "1,2";
			};
			name = Release;
		};
		45D10D4F273BF0BE00F96DE4 /* Debug */ = {
			isa = XCBuildConfiguration;
			buildSettings = {
				ALWAYS_EMBED_SWIFT_STANDARD_LIBRARIES = YES;
				BUNDLE_LOADER = "$(TEST_HOST)";
				CODE_SIGN_STYLE = Automatic;
				CURRENT_PROJECT_VERSION = 1;
				GENERATE_INFOPLIST_FILE = YES;
				IPHONEOS_DEPLOYMENT_TARGET = 15.0;
				LD_RUNPATH_SEARCH_PATHS = (
					"$(inherited)",
					"@executable_path/Frameworks",
					"@loader_path/Frameworks",
				);
				MARKETING_VERSION = 1.0;
				PRODUCT_BUNDLE_IDENTIFIER = "tuwaiq.ios.lab-19Tests";
				PRODUCT_NAME = "$(TARGET_NAME)";
				SWIFT_EMIT_LOC_STRINGS = NO;
				SWIFT_VERSION = 5.0;
				TARGETED_DEVICE_FAMILY = "1,2";
				TEST_HOST = "$(BUILT_PRODUCTS_DIR)/lab 19.app/lab 19";
			};
			name = Debug;
		};
		45D10D50273BF0BE00F96DE4 /* Release */ = {
			isa = XCBuildConfiguration;
			buildSettings = {
				ALWAYS_EMBED_SWIFT_STANDARD_LIBRARIES = YES;
				BUNDLE_LOADER = "$(TEST_HOST)";
				CODE_SIGN_STYLE = Automatic;
				CURRENT_PROJECT_VERSION = 1;
				GENERATE_INFOPLIST_FILE = YES;
				IPHONEOS_DEPLOYMENT_TARGET = 15.0;
				LD_RUNPATH_SEARCH_PATHS = (
					"$(inherited)",
					"@executable_path/Frameworks",
					"@loader_path/Frameworks",
				);
				MARKETING_VERSION = 1.0;
				PRODUCT_BUNDLE_IDENTIFIER = "tuwaiq.ios.lab-19Tests";
				PRODUCT_NAME = "$(TARGET_NAME)";
				SWIFT_EMIT_LOC_STRINGS = NO;
				SWIFT_VERSION = 5.0;
				TARGETED_DEVICE_FAMILY = "1,2";
				TEST_HOST = "$(BUILT_PRODUCTS_DIR)/lab 19.app/lab 19";
			};
			name = Release;
		};
		45D10D52273BF0BE00F96DE4 /* Debug */ = {
			isa = XCBuildConfiguration;
			buildSettings = {
				ALWAYS_EMBED_SWIFT_STANDARD_LIBRARIES = YES;
				CODE_SIGN_STYLE = Automatic;
				CURRENT_PROJECT_VERSION = 1;
				GENERATE_INFOPLIST_FILE = YES;
				LD_RUNPATH_SEARCH_PATHS = (
					"$(inherited)",
					"@executable_path/Frameworks",
					"@loader_path/Frameworks",
				);
				MARKETING_VERSION = 1.0;
				PRODUCT_BUNDLE_IDENTIFIER = "tuwaiq.ios.lab-19UITests";
				PRODUCT_NAME = "$(TARGET_NAME)";
				SWIFT_EMIT_LOC_STRINGS = NO;
				SWIFT_VERSION = 5.0;
				TARGETED_DEVICE_FAMILY = "1,2";
				TEST_TARGET_NAME = "lab 19";
			};
			name = Debug;
		};
		45D10D53273BF0BE00F96DE4 /* Release */ = {
			isa = XCBuildConfiguration;
			buildSettings = {
				ALWAYS_EMBED_SWIFT_STANDARD_LIBRARIES = YES;
				CODE_SIGN_STYLE = Automatic;
				CURRENT_PROJECT_VERSION = 1;
				GENERATE_INFOPLIST_FILE = YES;
				LD_RUNPATH_SEARCH_PATHS = (
					"$(inherited)",
					"@executable_path/Frameworks",
					"@loader_path/Frameworks",
				);
				MARKETING_VERSION = 1.0;
				PRODUCT_BUNDLE_IDENTIFIER = "tuwaiq.ios.lab-19UITests";
				PRODUCT_NAME = "$(TARGET_NAME)";
				SWIFT_EMIT_LOC_STRINGS = NO;
				SWIFT_VERSION = 5.0;
				TARGETED_DEVICE_FAMILY = "1,2";
				TEST_TARGET_NAME = "lab 19";
			};
			name = Release;
		};
/* End XCBuildConfiguration section */

/* Begin XCConfigurationList section */
		45D10D1C273BF0BD00F96DE4 /* Build configuration list for PBXProject "lab 19" */ = {
			isa = XCConfigurationList;
			buildConfigurations = (
				45D10D49273BF0BE00F96DE4 /* Debug */,
				45D10D4A273BF0BE00F96DE4 /* Release */,
			);
			defaultConfigurationIsVisible = 0;
			defaultConfigurationName = Release;
		};
		45D10D4B273BF0BE00F96DE4 /* Build configuration list for PBXNativeTarget "lab 19" */ = {
			isa = XCConfigurationList;
			buildConfigurations = (
				45D10D4C273BF0BE00F96DE4 /* Debug */,
				45D10D4D273BF0BE00F96DE4 /* Release */,
			);
			defaultConfigurationIsVisible = 0;
			defaultConfigurationName = Release;
		};
		45D10D4E273BF0BE00F96DE4 /* Build configuration list for PBXNativeTarget "lab 19Tests" */ = {
			isa = XCConfigurationList;
			buildConfigurations = (
				45D10D4F273BF0BE00F96DE4 /* Debug */,
				45D10D50273BF0BE00F96DE4 /* Release */,
			);
			defaultConfigurationIsVisible = 0;
			defaultConfigurationName = Release;
		};
		45D10D51273BF0BE00F96DE4 /* Build configuration list for PBXNativeTarget "lab 19UITests" */ = {
			isa = XCConfigurationList;
			buildConfigurations = (
				45D10D52273BF0BE00F96DE4 /* Debug */,
				45D10D53273BF0BE00F96DE4 /* Release */,
			);
			defaultConfigurationIsVisible = 0;
			defaultConfigurationName = Release;
		};
/* End XCConfigurationList section */
	};
	rootObject = 45D10D19273BF0BD00F96DE4 /* Project object */;
}
